Microsoft Visual Studio Solution File, Format Version 12.00
# Visual Studio Version 17
VisualStudioVersion = 17.0.31903.59
MinimumVisualStudioVersion = 10.0.40219.1
Project("{FAE04EC0-301F-11D3-BF4B-00C04F79EFBC}") = "RemoteAnnotate.Contracts", "src\RemoteAnnotate.Contracts\RemoteAnnotate.Contracts.csproj", "{082FD1F8-A450-47F5-8D4C-0956064C2BC8}"
EndProject
Project("{FAE04EC0-301F-11D3-BF4B-00C04F79EFBC}") = "RemoteAnnotate.Client", "src\RemoteAnnotate.Client\RemoteAnnotate.Client.csproj", "{A34117CC-8B30-4EBF-A6F0-7AAE01C10E81}"
EndProject
Project("{FAE04EC0-301F-11D3-BF4B-00C04F79EFBC}") = "RemoteAnnotate.Server", "src\RemoteAnnotate.Server\RemoteAnnotate.Server.csproj", "{0E010784-E3EA-44DF-B7C6-75386694542C}"
EndProject
Project("{FAE04EC0-301F-11D3-BF4B-00C04F79EFBC}") = "RemoteAnnotate.Contracts.Tests", "tests\RemoteAnnotate.Contracts.Tests\RemoteAnnotate.Contracts.Tests.csproj", "{FEA93AB2-581E-4CC4-8A04-A5FEC20D24A6}"
EndProject
Project("{FAE04EC0-301F-11D3-BF4B-00C04F79EFBC}") = "RemoteAnnotate.Client.Tests", "tests\RemoteAnnotate.Client.Tests\RemoteAnnotate.Client.Tests.csproj", "{9AC2ED94-EDEB-4B28-A517-2664B569C1EA}"
EndProject
Project("{FAE04EC0-301F-11D3-BF4B-00C04F79EFBC}") = "RemoteAnnotate.Server.Tests", "tests\RemoteAnnotate.Server.Tests\RemoteAnnotate.Server.Tests.csproj", "{14E42EC7-C533-4E42-AF29-922912B83F75}"
EndProject
Project("{FAE04EC0-301F-11D3-BF4B-00C04F79EFBC}") = "RemoteAnnotate.IntegrationTests", "tests\RemoteAnnotate.IntegrationTests\RemoteAnnotate.IntegrationTests.csproj", "{BA5D0422-E45C-4FE5-B15E-6B6C1C67091C}"
EndProject
Global
	GlobalSection(SolutionConfigurationPlatforms) = preSolution
		Debug|Any CPU = Debug|Any CPU
		Release|Any CPU = Release|Any CPU
	EndGlobalSection
	GlobalSection(ProjectConfigurationPlatforms) = postSolution
		{082FD1F8-A450-47F5-8D4C-0956064C2BC8}.Debug|Any CPU.ActiveCfg = Debug|Any CPU
		{082FD1F8-A450-47F5-8D4C-0956064C2BC8}.Debug|Any CPU.Build.0 = Debug|Any CPU
		{082FD1F8-A450-47F5-8D4C-0956064C2BC8}.Release|Any CPU.ActiveCfg = Release|Any CPU
		{082FD1F8-A450-47F5-8D4C-0956064C2BC8}.Release|Any CPU.Build.0 = Release|Any CPU
		{A34117CC-8B30-4EBF-A6F0-7AAE01C10E81}.Debug|Any CPU.ActiveCfg = Debug|Any CPU
		{A34117CC-8B30-4EBF-A6F0-7AAE01C10E81}.Debug|Any CPU.Build.0 = Debug|Any CPU
		{A34117CC-8B30-4EBF-A6F0-7AAE01C10E81}.Release|Any CPU.ActiveCfg = Release|Any CPU
		{A34117CC-8B30-4EBF-A6F0-7AAE01C10E81}.Release|Any CPU.Build.0 = Release|Any CPU
		{0E010784-E3EA-44DF-B7C6-75386694542C}.Debug|Any CPU.ActiveCfg = Debug|Any CPU
		{0E010784-E3EA-44DF-B7C6-75386694542C}.Debug|Any CPU.Build.0 = Debug|Any CPU
		{0E010784-E3EA-44DF-B7C6-75386694542C}.Release|Any CPU.ActiveCfg = Release|Any CPU
		{0E010784-E3EA-44DF-B7C6-75386694542C}.Release|Any CPU.Build.0 = Release|Any CPU
		{FEA93AB2-581E-4CC4-8A04-A5FEC20D24A6}.Debug|Any CPU.ActiveCfg = Debug|Any CPU
		{FEA93AB2-581E-4CC4-8A04-A5FEC20D24A6}.Debug|Any CPU.Build.0 = Debug|Any CPU
		{FEA93AB2-581E-4CC4-8A04-A5FEC20D24A6}.Release|Any CPU.ActiveCfg = Release|Any CPU
		{FEA93AB2-581E-4CC4-8A04-A5FEC20D24A6}.Release|Any CPU.Build.0 = Release|Any CPU
		{9AC2ED94-EDEB-4B28-A517-2664B569C1EA}.Debug|Any CPU.ActiveCfg = Debug|Any CPU
		{9AC2ED94-EDEB-4B28-A517-2664B569C1EA}.Debug|Any CPU.Build.0 = Debug|Any CPU
		{9AC2ED94-EDEB-4B28-A517-2664B569C1EA}.Release|Any CPU.ActiveCfg = Release|Any CPU
		{9AC2ED94-EDEB-4B28-A517-2664B569C1EA}.Release|Any CPU.Build.0 = Release|Any CPU
		{14E42EC7-C533-4E42-AF29-922912B83F75}.Debug|Any CPU.ActiveCfg = Debug|Any CPU
		{14E42EC7-C533-4E42-AF29-922912B83F75}.Debug|Any CPU.Build.0 = Debug|Any CPU
		{14E42EC7-C533-4E42-AF29-922912B83F75}.Release|Any CPU.ActiveCfg = Release|Any CPU
		{14E42EC7-C533-4E42-AF29-922912B83F75}.Release|Any CPU.Build.0 = Release|Any CPU
		{BA5D0422-E45C-4FE5-B15E-6B6C1C67091C}.Debug|Any CPU.ActiveCfg = Debug|Any CPU
		{BA5D0422-E45C-4FE5-B15E-6B6C1C67091C}.Debug|Any CPU.Build.0 = Debug|Any CPU
		{BA5D0422-E45C-4FE5-B15E-6B6C1C67091C}.Release|Any CPU.ActiveCfg = Release|Any CPU
		{BA5D0422-E45C-4FE5-B15E-6B6C1C67091C}.Release|Any CPU.Build.0 = Release|Any CPU
	EndGlobalSection
EndGlobal
